{
  "name": "example",
  "version": "0.0.0",
  "lockfileVersion": 2,
  "requires": true,
  "packages": {
    "": {
      "name": "example",
      "version": "0.0.0",
      "dependencies": {
        "@awesomeorganization/servers": ".."
      }
    },
    "..": {
      "name": "@awesomeorganization/servers",
      "version": "2.0.0",
      "license": "MIT",
      "devDependencies": {
        "eslint-config-prettier": "8.5.0",
        "eslint-plugin-github": "4.3.5",
        "eslint-plugin-node": "11.1.0",
        "eslint-plugin-sonarjs": "0.12.0",
        "husky": "^7.0.4"
      },
      "engines": {
        "node": ">=11.13.0"
      }
    },
    "node_modules/@awesomeorganization/servers": {
      "resolved": "..",
      "link": true
    }
  },
  "dependencies": {
    "@awesomeorganization/servers": {
      "version": "file:..",
      "requires": {
        "eslint-config-prettier": "8.5.0",
        "eslint-plugin-github": "4.3.5",
        "eslint-plugin-node": "11.1.0",
        "eslint-plugin-sonarjs": "0.12.0",
        "husky": "^7.0.4"
      }
    }
  }
}
